
Microsoft Visual Studio Solution File, Format Version 12.00
# Visual Studio Version 16
VisualStudioVersion = 16.0.29609.76
MinimumVisualStudioVersion = 10.0.40219.1
Project("{9A19103F-16F7-4668-BE54-9A1E7A4F7556}") = "SACA", "src\SACA.csproj", "{2B2CD058-8C16-4315-88BA-12B9506E6618}"
EndProject
Project("{2150E333-8FDC-42A3-9474-1A3956D46DE8}") = "src", "src", "{3F505FA5-CF16-4AB9-B6B8-7B14C0C988D4}"
EndProject
Project("{2150E333-8FDC-42A3-9474-1A3956D46DE8}") = "tests", "tests", "{D522906D-4913-43C6-88D3-F09FE3402022}"
EndProject
Project("{FAE04EC0-301F-11D3-BF4B-00C04F79EFBC}") = "SACA.UnitTests", "tests\SACA.UnitTests\SACA.UnitTests.csproj", "{216B3E4C-4062-4C7A-9FDA-BFFE4CA73666}"
	ProjectSection(ProjectDependencies) = postProject
		{2B2CD058-8C16-4315-88BA-12B9506E6618} = {2B2CD058-8C16-4315-88BA-12B9506E6618}
	EndProjectSection
EndProject
Global
	GlobalSection(SolutionConfigurationPlatforms) = preSolution
		Debug|Any CPU = Debug|Any CPU
		Release|Any CPU = Release|Any CPU
	EndGlobalSection
	GlobalSection(ProjectConfigurationPlatforms) = postSolution
		{2B2CD058-8C16-4315-88BA-12B9506E6618}.Debug|Any CPU.ActiveCfg = Debug|Any CPU
		{2B2CD058-8C16-4315-88BA-12B9506E6618}.Debug|Any CPU.Build.0 = Debug|Any CPU
		{2B2CD058-8C16-4315-88BA-12B9506E6618}.Release|Any CPU.ActiveCfg = Release|Any CPU
		{2B2CD058-8C16-4315-88BA-12B9506E6618}.Release|Any CPU.Build.0 = Release|Any CPU
		{216B3E4C-4062-4C7A-9FDA-BFFE4CA73666}.Debug|Any CPU.ActiveCfg = Debug|Any CPU
		{216B3E4C-4062-4C7A-9FDA-BFFE4CA73666}.Debug|Any CPU.Build.0 = Debug|Any CPU
		{216B3E4C-4062-4C7A-9FDA-BFFE4CA73666}.Release|Any CPU.ActiveCfg = Release|Any CPU
		{216B3E4C-4062-4C7A-9FDA-BFFE4CA73666}.Release|Any CPU.Build.0 = Release|Any CPU
	EndGlobalSection
	GlobalSection(SolutionProperties) = preSolution
		HideSolutionNode = FALSE
	EndGlobalSection
	GlobalSection(NestedProjects) = preSolution
		{2B2CD058-8C16-4315-88BA-12B9506E6618} = {3F505FA5-CF16-4AB9-B6B8-7B14C0C988D4}
		{216B3E4C-4062-4C7A-9FDA-BFFE4CA73666} = {D522906D-4913-43C6-88D3-F09FE3402022}
	EndGlobalSection
	GlobalSection(ExtensibilityGlobals) = postSolution
		SolutionGuid = {5A8E508C-36E9-4976-AEEF-D0CD92AA6973}
	EndGlobalSection
EndGlobal
